
Microsoft Visual Studio Solution File, Format Version 12.00
# Visual Studio Version 16
VisualStudioVersion = 16.0.30413.136
MinimumVisualStudioVersion = 10.0.40219.1
Project("{FAE04EC0-301F-11D3-BF4B-00C04F79EFBC}") = "Bread Tools", "Bread Tools.csproj", "{D0EEF153-7796-454A-A361-D4213396200B}"
EndProject
Global
	GlobalSection(SolutionConfigurationPlatforms) = preSolution
		Debug|Any CPU = Debug|Any CPU
		Release|Any CPU = Release|Any CPU
	EndGlobalSection
	GlobalSection(ProjectConfigurationPlatforms) = postSolution
		{D0EEF153-7796-454A-A361-D4213396200B}.Debug|Any CPU.ActiveCfg = Debug|Any CPU
		{D0EEF153-7796-454A-A361-D4213396200B}.Debug|Any CPU.Build.0 = Debug|Any CPU
		{D0EEF153-7796-454A-A361-D4213396200B}.Release|Any CPU.ActiveCfg = Release|Any CPU
		{D0EEF153-7796-454A-A361-D4213396200B}.Release|Any CPU.Build.0 = Release|Any CPU
	EndGlobalSection
	GlobalSection(SolutionProperties) = preSolution
		HideSolutionNode = FALSE
	EndGlobalSection
	GlobalSection(ExtensibilityGlobals) = postSolution
		SolutionGuid = {91875AC7-5A63-4174-A3ED-ED1618691A58}
	EndGlobalSection
EndGlobal
